<Solution>
  <Project Path="PlanningPoker.Api/PlanningPoker.Api.csproj" />
  <Project Path="PlanningPoker.Benchmarks/PlanningPoker.Benchmarks.csproj" />
  <Project Path="PlanningPoker.Client/PlanningPoker.Client.csproj" />
  <Project Path="PlanningPoker.Infrastructure/PlanningPoker.Infrastructure.csproj" />
  <Project Path="PlanningPoker.LoadTest/PlanningPoker.LoadTest.csproj" />
  <Project Path="PlanningPoker.Tests.Component/PlanningPoker.Tests.Component.csproj" />
  <Project Path="PlanningPoker.Tests.Integration/PlanningPoker.Tests.Integration.csproj" />
  <Project Path="PlanningPoker.Tests.Unit/PlanningPoker.Tests.Unit.csproj" />
</Solution>
