<Solution>
  <Project Path="src/PlanningPoker.Api/PlanningPoker.Api.csproj" />
  <Project Path="src/PlanningPoker.Client/PlanningPoker.Client.csproj" />
  <Project Path="src/PlanningPoker.Infrastructure/PlanningPoker.Infrastructure.csproj" />
  <Project Path="src/PlanningPoker.Tests.Benchmarks/PlanningPoker.Tests.Benchmarks.csproj" />
  <Project Path="src/PlanningPoker.Tests.Component/PlanningPoker.Tests.Component.csproj" />
  <Project Path="src/PlanningPoker.Tests.Integration/PlanningPoker.Tests.Integration.csproj" />
  <Project Path="src/PlanningPoker.Tests.LoadTest/PlanningPoker.Tests.LoadTest.csproj" />
  <Project Path="src/PlanningPoker.Tests.Play/PlanningPoker.Tests.Play.csproj" />
  <Project Path="src/PlanningPoker.Tests.Play.Hundred/PlanningPoker.Tests.Play.Hundred.csproj" />
  <Project Path="src/PlanningPoker.Tests.Play.Twelve/PlanningPoker.Tests.Play.Twelve.csproj" />
  <Project Path="src/PlanningPoker.Tests.Unit/PlanningPoker.Tests.Unit.csproj" />
</Solution>
